
Microsoft Visual Studio Solution File, Format Version 12.00
# Visual Studio Version 16
VisualStudioVersion = 16.0.31424.327
MinimumVisualStudioVersion = 10.0.40219.1
Project("{9A19103F-16F7-4668-BE54-9A1E7A4F7556}") = "kQuatre.LoRaLibrary", "kQuatre.LoRaLibrary\kQuatre.LoRaLibrary.csproj", "{EF6401A7-378A-45DA-BE3E-37EAA5C4ACB9}"
EndProject
Project("{9A19103F-16F7-4668-BE54-9A1E7A4F7556}") = "kQuatre.Business", "kQuatre.Business\kQuatre.Business.csproj", "{1BA27957-CFCA-4330-86DE-099D841B19F6}"
EndProject
Project("{FAE04EC0-301F-11D3-BF4B-00C04F79EFBC}") = "kQuatre.UI", "kQuatre.UI\kQuatre.UI.csproj", "{D4C2E028-76DA-4BBC-9C77-DE9CCF144C82}"
EndProject
Global
	GlobalSection(SolutionConfigurationPlatforms) = preSolution
		Debug|Any CPU = Debug|Any CPU
		Release|Any CPU = Release|Any CPU
	EndGlobalSection
	GlobalSection(ProjectConfigurationPlatforms) = postSolution
		{EF6401A7-378A-45DA-BE3E-37EAA5C4ACB9}.Debug|Any CPU.ActiveCfg = Debug|Any CPU
		{EF6401A7-378A-45DA-BE3E-37EAA5C4ACB9}.Debug|Any CPU.Build.0 = Debug|Any CPU
		{EF6401A7-378A-45DA-BE3E-37EAA5C4ACB9}.Release|Any CPU.ActiveCfg = Release|Any CPU
		{EF6401A7-378A-45DA-BE3E-37EAA5C4ACB9}.Release|Any CPU.Build.0 = Release|Any CPU
		{1BA27957-CFCA-4330-86DE-099D841B19F6}.Debug|Any CPU.ActiveCfg = Debug|Any CPU
		{1BA27957-CFCA-4330-86DE-099D841B19F6}.Debug|Any CPU.Build.0 = Debug|Any CPU
		{1BA27957-CFCA-4330-86DE-099D841B19F6}.Release|Any CPU.ActiveCfg = Release|Any CPU
		{1BA27957-CFCA-4330-86DE-099D841B19F6}.Release|Any CPU.Build.0 = Release|Any CPU
		{D4C2E028-76DA-4BBC-9C77-DE9CCF144C82}.Debug|Any CPU.ActiveCfg = Debug|Any CPU
		{D4C2E028-76DA-4BBC-9C77-DE9CCF144C82}.Debug|Any CPU.Build.0 = Debug|Any CPU
		{D4C2E028-76DA-4BBC-9C77-DE9CCF144C82}.Release|Any CPU.ActiveCfg = Release|Any CPU
		{D4C2E028-76DA-4BBC-9C77-DE9CCF144C82}.Release|Any CPU.Build.0 = Release|Any CPU
	EndGlobalSection
	GlobalSection(SolutionProperties) = preSolution
		HideSolutionNode = FALSE
	EndGlobalSection
	GlobalSection(ExtensibilityGlobals) = postSolution
		SolutionGuid = {150442D4-333C-4E6B-B90E-10A3D813A1E4}
	EndGlobalSection
EndGlobal
